
Microsoft Visual Studio Solution File, Format Version 12.00
# Visual Studio Version 16
VisualStudioVersion = 16.0.30804.86
MinimumVisualStudioVersion = 10.0.40219.1
Project("{FAE04EC0-301F-11D3-BF4B-00C04F79EFBC}") = "SystemProj", "SystemProj\SystemProj.csproj", "{6E1F6137-1DE8-4E55-AA63-7A3BBD5AE408}"
EndProject
Global
	GlobalSection(SolutionConfigurationPlatforms) = preSolution
		Debug|Any CPU = Debug|Any CPU
		Release|Any CPU = Release|Any CPU
	EndGlobalSection
	GlobalSection(ProjectConfigurationPlatforms) = postSolution
		{6E1F6137-1DE8-4E55-AA63-7A3BBD5AE408}.Debug|Any CPU.ActiveCfg = Debug|Any CPU
		{6E1F6137-1DE8-4E55-AA63-7A3BBD5AE408}.Debug|Any CPU.Build.0 = Debug|Any CPU
		{6E1F6137-1DE8-4E55-AA63-7A3BBD5AE408}.Release|Any CPU.ActiveCfg = Release|Any CPU
		{6E1F6137-1DE8-4E55-AA63-7A3BBD5AE408}.Release|Any CPU.Build.0 = Release|Any CPU
	EndGlobalSection
	GlobalSection(SolutionProperties) = preSolution
		HideSolutionNode = FALSE
	EndGlobalSection
	GlobalSection(ExtensibilityGlobals) = postSolution
		SolutionGuid = {869AB248-48D7-4FF8-9F01-85D74F2751C3}
	EndGlobalSection
EndGlobal
